// !$*UTF8*$!
{
	archiveVersion = 1;
	classes = {
	};
	objectVersion = 48;
	objects = {

/* Begin PBXBuildFile section */
		6B990421203BFC1F00EB5C4A /* AppDelegate.swift in Sources */ = {isa = PBXBuildFile; fileRef = 6B990420203BFC1F00EB5C4A /* AppDelegate.swift */; };
		6B990423203BFC1F00EB5C4A /* ViewController.swift in Sources */ = {isa = PBXBuildFile; fileRef = 6B990422203BFC1F00EB5C4A /* ViewController.swift */; };
		6B990426203BFC1F00EB5C4A /* Main.storyboard in Resources */ = {isa = PBXBuildFile; fileRef = 6B990424203BFC1F00EB5C4A /* Main.storyboard */; };
		6B990428203BFC1F00EB5C4A /* Assets.xcassets in Resources */ = {isa = PBXBuildFile; fileRef = 6B990427203BFC1F00EB5C4A /* Assets.xcassets */; };
		6B99042B203BFC1F00EB5C4A /* LaunchScreen.storyboard in Resources */ = {isa = PBXBuildFile; fileRef = 6B990429203BFC1F00EB5C4A /* LaunchScreen.storyboard */; };
		6B990436203BFC2000EB5C4A /* MDBSocialsTests.swift in Sources */ = {isa = PBXBuildFile; fileRef = 6B990435203BFC2000EB5C4A /* MDBSocialsTests.swift */; };
		6B990441203BFC2000EB5C4A /* MDBSocialsUITests.swift in Sources */ = {isa = PBXBuildFile; fileRef = 6B990440203BFC2000EB5C4A /* MDBSocialsUITests.swift */; };
/* End PBXBuildFile section */

/* Begin PBXContainerItemProxy section */
		6B990432203BFC2000EB5C4A /* PBXContainerItemProxy */ = {
			isa = PBXContainerItemProxy;
			containerPortal = 6B990415203BFC1F00EB5C4A /* Project object */;
			proxyType = 1;
			remoteGlobalIDString = 6B99041C203BFC1F00EB5C4A;
			remoteInfo = MDBSocials;
		};
		6B99043D203BFC2000EB5C4A /* PBXContainerItemProxy */ = {
			isa = PBXContainerItemProxy;
			containerPortal = 6B990415203BFC1F00EB5C4A /* Project object */;
			proxyType = 1;
			remoteGlobalIDString = 6B99041C203BFC1F00EB5C4A;
			remoteInfo = MDBSocials;
		};
/* End PBXContainerItemProxy section */

/* Begin PBXFileReference section */
		6B99041D203BFC1F00EB5C4A /* MDBSocials.app */ = {isa = PBXFileReference; explicitFileType = wrapper.application; includeInIndex = 0; path = MDBSocials.app; sourceTree = BUILT_PRODUCTS_DIR; };
		6B990420203BFC1F00EB5C4A /* AppDelegate.swift */ = {isa = PBXFileReference; lastKnownFileType = sourcecode.swift; path = AppDelegate.swift; sourceTree = "<group>"; };
		6B990422203BFC1F00EB5C4A /* ViewController.swift */ = {isa = PBXFileReference; lastKnownFileType = sourcecode.swift; path = ViewController.swift; sourceTree = "<group>"; };
		6B990425203BFC1F00EB5C4A /* Base */ = {isa = PBXFileReference; lastKnownFileType = file.storyboard; name = Base; path = Base.lproj/Main.storyboard; sourceTree = "<group>"; };
		6B990427203BFC1F00EB5C4A /* Assets.xcassets */ = {isa = PBXFileReference; lastKnownFileType = folder.assetcatalog; path = Assets.xcassets; sourceTree = "<group>"; };
		6B99042A203BFC1F00EB5C4A /* Base */ = {isa = PBXFileReference; lastKnownFileType = file.storyboard; name = Base; path = Base.lproj/LaunchScreen.storyboard; sourceTree = "<group>"; };
		6B99042C203BFC1F00EB5C4A /* Info.plist */ = {isa = PBXFileReference; lastKnownFileType = text.plist.xml; path = Info.plist; sourceTree = "<group>"; };
		6B990431203BFC2000EB5C4A /* MDBSocialsTests.xctest */ = {isa = PBXFileReference; explicitFileType = wrapper.cfbundle; includeInIndex = 0; path = MDBSocialsTests.xctest; sourceTree = BUILT_PRODUCTS_DIR; };
		6B990435203BFC2000EB5C4A /* MDBSocialsTests.swift */ = {isa = PBXFileReference; lastKnownFileType = sourcecode.swift; path = MDBSocialsTests.swift; sourceTree = "<group>"; };
		6B990437203BFC2000EB5C4A /* Info.plist */ = {isa = PBXFileReference; lastKnownFileType = text.plist.xml; path = Info.plist; sourceTree = "<group>"; };
		6B99043C203BFC2000EB5C4A /* MDBSocialsUITests.xctest */ = {isa = PBXFileReference; explicitFileType = wrapper.cfbundle; includeInIndex = 0; path = MDBSocialsUITests.xctest; sourceTree = BUILT_PRODUCTS_DIR; };
		6B990440203BFC2000EB5C4A /* MDBSocialsUITests.swift */ = {isa = PBXFileReference; lastKnownFileType = sourcecode.swift; path = MDBSocialsUITests.swift; sourceTree = "<group>"; };
		6B990442203BFC2000EB5C4A /* Info.plist */ = {isa = PBXFileReference; lastKnownFileType = text.plist.xml; path = Info.plist; sourceTree = "<group>"; };
/* End PBXFileReference section */

/* Begin PBXFrameworksBuildPhase section */
		6B99041A203BFC1F00EB5C4A /* Frameworks */ = {
			isa = PBXFrameworksBuildPhase;
			buildActionMask = 2147483647;
			files = (
			);
			runOnlyForDeploymentPostprocessing = 0;
		};
		6B99042E203BFC2000EB5C4A /* Frameworks */ = {
			isa = PBXFrameworksBuildPhase;
			buildActionMask = 2147483647;
			files = (
			);
			runOnlyForDeploymentPostprocessing = 0;
		};
		6B990439203BFC2000EB5C4A /* Frameworks */ = {
			isa = PBXFrameworksBuildPhase;
			buildActionMask = 2147483647;
			files = (
			);
			runOnlyForDeploymentPostprocessing = 0;
		};
/* End PBXFrameworksBuildPhase section */

/* Begin PBXGroup section */
		6B990414203BFC1F00EB5C4A = {
			isa = PBXGroup;
			children = (
				6B99041F203BFC1F00EB5C4A /* MDBSocials */,
				6B990434203BFC2000EB5C4A /* MDBSocialsTests */,
				6B99043F203BFC2000EB5C4A /* MDBSocialsUITests */,
				6B99041E203BFC1F00EB5C4A /* Products */,
			);
			sourceTree = "<group>";
		};
		6B99041E203BFC1F00EB5C4A /* Products */ = {
			isa = PBXGroup;
			children = (
				6B99041D203BFC1F00EB5C4A /* MDBSocials.app */,
				6B990431203BFC2000EB5C4A /* MDBSocialsTests.xctest */,
				6B99043C203BFC2000EB5C4A /* MDBSocialsUITests.xctest */,
			);
			name = Products;
			sourceTree = "<group>";
		};
		6B99041F203BFC1F00EB5C4A /* MDBSocials */ = {
			isa = PBXGroup;
			children = (
				6B990420203BFC1F00EB5C4A /* AppDelegate.swift */,
				6B990422203BFC1F00EB5C4A /* ViewController.swift */,
				6B990424203BFC1F00EB5C4A /* Main.storyboard */,
				6B990427203BFC1F00EB5C4A /* Assets.xcassets */,
				6B990429203BFC1F00EB5C4A /* LaunchScreen.storyboard */,
				6B99042C203BFC1F00EB5C4A /* Info.plist */,
			);
			path = MDBSocials;
			sourceTree = "<group>";
		};
		6B990434203BFC2000EB5C4A /* MDBSocialsTests */ = {
			isa = PBXGroup;
			children = (
				6B990435203BFC2000EB5C4A /* MDBSocialsTests.swift */,
				6B990437203BFC2000EB5C4A /* Info.plist */,
			);
			path = MDBSocialsTests;
			sourceTree = "<group>";
		};
		6B99043F203BFC2000EB5C4A /* MDBSocialsUITests */ = {
			isa = PBXGroup;
			children = (
				6B990440203BFC2000EB5C4A /* MDBSocialsUITests.swift */,
				6B990442203BFC2000EB5C4A /* Info.plist */,
			);
			path = MDBSocialsUITests;
			sourceTree = "<group>";
		};
/* End PBXGroup section */

/* Begin PBXNativeTarget section */
		6B99041C203BFC1F00EB5C4A /* MDBSocials */ = {
			isa = PBXNativeTarget;
			buildConfigurationList = 6B990445203BFC2000EB5C4A /* Build configuration list for PBXNativeTarget "MDBSocials" */;
			buildPhases = (
				6B990419203BFC1F00EB5C4A /* Sources */,
				6B99041A203BFC1F00EB5C4A /* Frameworks */,
				6B99041B203BFC1F00EB5C4A /* Resources */,
			);
			buildRules = (
			);
			dependencies = (
			);
			name = MDBSocials;
			productName = MDBSocials;
			productReference = 6B99041D203BFC1F00EB5C4A /* MDBSocials.app */;
			productType = "com.apple.product-type.application";
		};
		6B990430203BFC2000EB5C4A /* MDBSocialsTests */ = {
			isa = PBXNativeTarget;
			buildConfigurationList = 6B990448203BFC2000EB5C4A /* Build configuration list for PBXNativeTarget "MDBSocialsTests" */;
			buildPhases = (
				6B99042D203BFC2000EB5C4A /* Sources */,
				6B99042E203BFC2000EB5C4A /* Frameworks */,
				6B99042F203BFC2000EB5C4A /* Resources */,
			);
			buildRules = (
			);
			dependencies = (
				6B990433203BFC2000EB5C4A /* PBXTargetDependency */,
			);
			name = MDBSocialsTests;
			productName = MDBSocialsTests;
			productReference = 6B990431203BFC2000EB5C4A /* MDBSocialsTests.xctest */;
			productType = "com.apple.product-type.bundle.unit-test";
		};
		6B99043B203BFC2000EB5C4A /* MDBSocialsUITests */ = {
			isa = PBXNativeTarget;
			buildConfigurationList = 6B99044B203BFC2000EB5C4A /* Build configuration list for PBXNativeTarget "MDBSocialsUITests" */;
			buildPhases = (
				6B990438203BFC2000EB5C4A /* Sources */,
				6B990439203BFC2000EB5C4A /* Frameworks */,
				6B99043A203BFC2000EB5C4A /* Resources */,
			);
			buildRules = (
			);
			dependencies = (
				6B99043E203BFC2000EB5C4A /* PBXTargetDependency */,
			);
			name = MDBSocialsUITests;
			productName = MDBSocialsUITests;
			productReference = 6B99043C203BFC2000EB5C4A /* MDBSocialsUITests.xctest */;
			productType = "com.apple.product-type.bundle.ui-testing";
		};
/* End PBXNativeTarget section */

/* Begin PBXProject section */
		6B990415203BFC1F00EB5C4A /* Project object */ = {
			isa = PBXProject;
			attributes = {
				LastSwiftUpdateCheck = 0920;
				LastUpgradeCheck = 0920;
				ORGANIZATIONNAME = "Ethan Wong";
				TargetAttributes = {
					6B99041C203BFC1F00EB5C4A = {
						CreatedOnToolsVersion = 9.2;
						ProvisioningStyle = Automatic;
					};
					6B990430203BFC2000EB5C4A = {
						CreatedOnToolsVersion = 9.2;
						ProvisioningStyle = Automatic;
						TestTargetID = 6B99041C203BFC1F00EB5C4A;
					};
					6B99043B203BFC2000EB5C4A = {
						CreatedOnToolsVersion = 9.2;
						ProvisioningStyle = Automatic;
						TestTargetID = 6B99041C203BFC1F00EB5C4A;
					};
				};
			};
			buildConfigurationList = 6B990418203BFC1F00EB5C4A /* Build configuration list for PBXProject "MDBSocials" */;
			compatibilityVersion = "Xcode 8.0";
			developmentRegion = en;
			hasScannedForEncodings = 0;
			knownRegions = (
				en,
				Base,
			);
			mainGroup = 6B990414203BFC1F00EB5C4A;
			productRefGroup = 6B99041E203BFC1F00EB5C4A /* Products */;
			projectDirPath = "";
			projectRoot = "";
			targets = (
				6B99041C203BFC1F00EB5C4A /* MDBSocials */,
				6B990430203BFC2000EB5C4A /* MDBSocialsTests */,
				6B99043B203BFC2000EB5C4A /* MDBSocialsUITests */,
			);
		};
/* End PBXProject section */

/* Begin PBXResourcesBuildPhase section */
		6B99041B203BFC1F00EB5C4A /* Resources */ = {
			isa = PBXResourcesBuildPhase;
			buildActionMask = 2147483647;
			files = (
				6B99042B203BFC1F00EB5C4A /* LaunchScreen.storyboard in Resources */,
				6B990428203BFC1F00EB5C4A /* Assets.xcassets in Resources */,
				6B990426203BFC1F00EB5C4A /* Main.storyboard in Resources */,
			);
			runOnlyForDeploymentPostprocessing = 0;
		};
		6B99042F203BFC2000EB5C4A /* Resources */ = {
			isa = PBXResourcesBuildPhase;
			buildActionMask = 2147483647;
			files = (
			);
			runOnlyForDeploymentPostprocessing = 0;
		};
		6B99043A203BFC2000EB5C4A /* Resources */ = {
			isa = PBXResourcesBuildPhase;
			buildActionMask = 2147483647;
			files = (
			);
			runOnlyForDeploymentPostprocessing = 0;
		};
/* End PBXResourcesBuildPhase section */

/* Begin PBXSourcesBuildPhase section */
		6B990419203BFC1F00EB5C4A /* Sources */ = {
			isa = PBXSourcesBuildPhase;
			buildActionMask = 2147483647;
			files = (
				6B990423203BFC1F00EB5C4A /* ViewController.swift in Sources */,
				6B990421203BFC1F00EB5C4A /* AppDelegate.swift in Sources */,
			);
			runOnlyForDeploymentPostprocessing = 0;
		};
		6B99042D203BFC2000EB5C4A /* Sources */ = {
			isa = PBXSourcesBuildPhase;
			buildActionMask = 2147483647;
			files = (
				6B990436203BFC2000EB5C4A /* MDBSocialsTests.swift in Sources */,
			);
			runOnlyForDeploymentPostprocessing = 0;
		};
		6B990438203BFC2000EB5C4A /* Sources */ = {
			isa = PBXSourcesBuildPhase;
			buildActionMask = 2147483647;
			files = (
				6B990441203BFC2000EB5C4A /* MDBSocialsUITests.swift in Sources */,
			);
			runOnlyForDeploymentPostprocessing = 0;
		};
/* End PBXSourcesBuildPhase section */

/* Begin PBXTargetDependency section */
		6B990433203BFC2000EB5C4A /* PBXTargetDependency */ = {
			isa = PBXTargetDependency;
			target = 6B99041C203BFC1F00EB5C4A /* MDBSocials */;
			targetProxy = 6B990432203BFC2000EB5C4A /* PBXContainerItemProxy */;
		};
		6B99043E203BFC2000EB5C4A /* PBXTargetDependency */ = {
			isa = PBXTargetDependency;
			target = 6B99041C203BFC1F00EB5C4A /* MDBSocials */;
			targetProxy = 6B99043D203BFC2000EB5C4A /* PBXContainerItemProxy */;
		};
/* End PBXTargetDependency section */

/* Begin PBXVariantGroup section */
		6B990424203BFC1F00EB5C4A /* Main.storyboard */ = {
			isa = PBXVariantGroup;
			children = (
				6B990425203BFC1F00EB5C4A /* Base */,
			);
			name = Main.storyboard;
			sourceTree = "<group>";
		};
		6B990429203BFC1F00EB5C4A /* LaunchScreen.storyboard */ = {
			isa = PBXVariantGroup;
			children = (
				6B99042A203BFC1F00EB5C4A /* Base */,
			);
			name = LaunchScreen.storyboard;
			sourceTree = "<group>";
		};
/* End PBXVariantGroup section */

/* Begin XCBuildConfiguration section */
		6B990443203BFC2000EB5C4A /* Debug */ = {
			isa = XCBuildConfiguration;
			buildSettings = {
				ALWAYS_SEARCH_USER_PATHS = NO;
				CLANG_ANALYZER_NONNULL = YES;
				CLANG_ANALYZER_NUMBER_OBJECT_CONVERSION = YES_AGGRESSIVE;
				CLANG_CXX_LANGUAGE_STANDARD = "gnu++14";
				CLANG_CXX_LIBRARY = "libc++";
				CLANG_ENABLE_MODULES = YES;
				CLANG_ENABLE_OBJC_ARC = YES;
				CLANG_WARN_BLOCK_CAPTURE_AUTORELEASING = YES;
				CLANG_WARN_BOOL_CONVERSION = YES;
				CLANG_WARN_COMMA = YES;
				CLANG_WARN_CONSTANT_CONVERSION = YES;
				CLANG_WARN_DIRECT_OBJC_ISA_USAGE = YES_ERROR;
				CLANG_WARN_DOCUMENTATION_COMMENTS = YES;
				CLANG_WARN_EMPTY_BODY = YES;
				CLANG_WARN_ENUM_CONVERSION = YES;
				CLANG_WARN_INFINITE_RECURSION = YES;
				CLANG_WARN_INT_CONVERSION = YES;
				CLANG_WARN_NON_LITERAL_NULL_CONVERSION = YES;
				CLANG_WARN_OBJC_LITERAL_CONVERSION = YES;
				CLANG_WARN_OBJC_ROOT_CLASS = YES_ERROR;
				CLANG_WARN_RANGE_LOOP_ANALYSIS = YES;
				CLANG_WARN_STRICT_PROTOTYPES = YES;
				CLANG_WARN_SUSPICIOUS_MOVE = YES;
				CLANG_WARN_UNGUARDED_AVAILABILITY = YES_AGGRESSIVE;
				CLANG_WARN_UNREACHABLE_CODE = YES;
				CLANG_WARN__DUPLICATE_METHOD_MATCH = YES;
				CODE_SIGN_IDENTITY = "iPhone Developer";
				COPY_PHASE_STRIP = NO;
				DEBUG_INFORMATION_FORMAT = dwarf;
				ENABLE_STRICT_OBJC_MSGSEND = YES;
				ENABLE_TESTABILITY = YES;
				GCC_C_LANGUAGE_STANDARD = gnu11;
				GCC_DYNAMIC_NO_PIC = NO;
				GCC_NO_COMMON_BLOCKS = YES;
				GCC_OPTIMIZATION_LEVEL = 0;
				GCC_PREPROCESSOR_DEFINITIONS = (
					"DEBUG=1",
					"$(inherited)",
				);
				GCC_WARN_64_TO_32_BIT_CONVERSION = YES;
				GCC_WARN_ABOUT_RETURN_TYPE = YES_ERROR;
				GCC_WARN_UNDECLARED_SELECTOR = YES;
				GCC_WARN_UNINITIALIZED_AUTOS = YES_AGGRESSIVE;
				GCC_WARN_UNUSED_FUNCTION = YES;
				GCC_WARN_UNUSED_VARIABLE = YES;
				IPHONEOS_DEPLOYMENT_TARGET = 11.2;
				MTL_ENABLE_DEBUG_INFO = YES;
				ONLY_ACTIVE_ARCH = YES;
				SDKROOT = iphoneos;
				SWIFT_ACTIVE_COMPILATION_CONDITIONS = DEBUG;
				SWIFT_OPTIMIZATION_LEVEL = "-Onone";
			};
			name = Debug;
		};
		6B990444203BFC2000EB5C4A /* Release */ = {
			isa = XCBuildConfiguration;
			buildSettings = {
				ALWAYS_SEARCH_USER_PATHS = NO;
				CLANG_ANALYZER_NONNULL = YES;
				CLANG_ANALYZER_NUMBER_OBJECT_CONVERSION = YES_AGGRESSIVE;
				CLANG_CXX_LANGUAGE_STANDARD = "gnu++14";
				CLANG_CXX_LIBRARY = "libc++";
				CLANG_ENABLE_MODULES = YES;
				CLANG_ENABLE_OBJC_ARC = YES;
				CLANG_WARN_BLOCK_CAPTURE_AUTORELEASING = YES;
				CLANG_WARN_BOOL_CONVERSION = YES;
				CLANG_WARN_COMMA = YES;
				CLANG_WARN_CONSTANT_CONVERSION = YES;
				CLANG_WARN_DIRECT_OBJC_ISA_USAGE = YES_ERROR;
				CLANG_WARN_DOCUMENTATION_COMMENTS = YES;
				CLANG_WARN_EMPTY_BODY = YES;
				CLANG_WARN_ENUM_CONVERSION = YES;
				CLANG_WARN_INFINITE_RECURSION = YES;
				CLANG_WARN_INT_CONVERSION = YES;
				CLANG_WARN_NON_LITERAL_NULL_CONVERSION = YES;
				CLANG_WARN_OBJC_LITERAL_CONVERSION = YES;
				CLANG_WARN_OBJC_ROOT_CLASS = YES_ERROR;
				CLANG_WARN_RANGE_LOOP_ANALYSIS = YES;
				CLANG_WARN_STRICT_PROTOTYPES = YES;
				CLANG_WARN_SUSPICIOUS_MOVE = YES;
				CLANG_WARN_UNGUARDED_AVAILABILITY = YES_AGGRESSIVE;
				CLANG_WARN_UNREACHABLE_CODE = YES;
				CLANG_WARN__DUPLICATE_METHOD_MATCH = YES;
				CODE_SIGN_IDENTITY = "iPhone Developer";
				COPY_PHASE_STRIP = NO;
				DEBUG_INFORMATION_FORMAT = "dwarf-with-dsym";
				ENABLE_NS_ASSERTIONS = NO;
				ENABLE_STRICT_OBJC_MSGSEND = YES;
				GCC_C_LANGUAGE_STANDARD = gnu11;
				GCC_NO_COMMON_BLOCKS = YES;
				GCC_WARN_64_TO_32_BIT_CONVERSION = YES;
				GCC_WARN_ABOUT_RETURN_TYPE = YES_ERROR;
				GCC_WARN_UNDECLARED_SELECTOR = YES;
				GCC_WARN_UNINITIALIZED_AUTOS = YES_AGGRESSIVE;
				GCC_WARN_UNUSED_FUNCTION = YES;
				GCC_WARN_UNUSED_VARIABLE = YES;
				IPHONEOS_DEPLOYMENT_TARGET = 11.2;
				MTL_ENABLE_DEBUG_INFO = NO;
				SDKROOT = iphoneos;
				SWIFT_OPTIMIZATION_LEVEL = "-Owholemodule";
				VALIDATE_PRODUCT = YES;
			};
			name = Release;
		};
		6B990446203BFC2000EB5C4A /* Debug */ = {
			isa = XCBuildConfiguration;
			buildSettings = {
				ASSETCATALOG_COMPILER_APPICON_NAME = AppIcon;
				CODE_SIGN_STYLE = Automatic;
				DEVELOPMENT_TEAM = 8M2294NU49;
				INFOPLIST_FILE = MDBSocials/Info.plist;
				LD_RUNPATH_SEARCH_PATHS = "$(inherited) @executable_path/Frameworks";
				PRODUCT_BUNDLE_IDENTIFIER = com.example.MDBSocialsProj;
				PRODUCT_NAME = "$(TARGET_NAME)";
				SWIFT_VERSION = 4.0;
				TARGETED_DEVICE_FAMILY = "1,2";
			};
			name = Debug;
		};
		6B990447203BFC2000EB5C4A /* Release */ = {
			isa = XCBuildConfiguration;
			buildSettings = {
				ASSETCATALOG_COMPILER_APPICON_NAME = AppIcon;
				CODE_SIGN_STYLE = Automatic;
				DEVELOPMENT_TEAM = 8M2294NU49;
				INFOPLIST_FILE = MDBSocials/Info.plist;
				LD_RUNPATH_SEARCH_PATHS = "$(inherited) @executable_path/Frameworks";
				PRODUCT_BUNDLE_IDENTIFIER = com.example.MDBSocialsProj;
				PRODUCT_NAME = "$(TARGET_NAME)";
				SWIFT_VERSION = 4.0;
				TARGETED_DEVICE_FAMILY = "1,2";
			};
			name = Release;
		};
		6B990449203BFC2000EB5C4A /* Debug */ = {
			isa = XCBuildConfiguration;
			buildSettings = {
				ALWAYS_EMBED_SWIFT_STANDARD_LIBRARIES = YES;
				BUNDLE_LOADER = "$(TEST_HOST)";
				CODE_SIGN_STYLE = Automatic;
				DEVELOPMENT_TEAM = 57X26AKKKU;
				INFOPLIST_FILE = MDBSocialsTests/Info.plist;
				LD_RUNPATH_SEARCH_PATHS = "$(inherited) @executable_path/Frameworks @loader_path/Frameworks";
				PRODUCT_BUNDLE_IDENTIFIER = com.example.MDBSocialsTests;
				PRODUCT_NAME = "$(TARGET_NAME)";
				SWIFT_VERSION = 4.0;
				TARGETED_DEVICE_FAMILY = "1,2";
				TEST_HOST = "$(BUILT_PRODUCTS_DIR)/MDBSocials.app/MDBSocials";
			};
			name = Debug;
		};
		6B99044A203BFC2000EB5C4A /* Release */ = {
			isa = XCBuildConfiguration;
			buildSettings = {
				ALWAYS_EMBED_SWIFT_STANDARD_LIBRARIES = YES;
				BUNDLE_LOADER = "$(TEST_HOST)";
				CODE_SIGN_STYLE = Automatic;
				DEVELOPMENT_TEAM = 57X26AKKKU;
				INFOPLIST_FILE = MDBSocialsTests/Info.plist;
				LD_RUNPATH_SEARCH_PATHS = "$(inherited) @executable_path/Frameworks @loader_path/Frameworks";
				PRODUCT_BUNDLE_IDENTIFIER = com.example.MDBSocialsTests;
				PRODUCT_NAME = "$(TARGET_NAME)";
				SWIFT_VERSION = 4.0;
				TARGETED_DEVICE_FAMILY = "1,2";
				TEST_HOST = "$(BUILT_PRODUCTS_DIR)/MDBSocials.app/MDBSocials";
			};
			name = Release;
		};
		6B99044C203BFC2000EB5C4A /* Debug */ = {
			isa = XCBuildConfiguration;
			buildSettings = {
				ALWAYS_EMBED_SWIFT_STANDARD_LIBRARIES = YES;
				CODE_SIGN_STYLE = Automatic;
				DEVELOPMENT_TEAM = 57X26AKKKU;
				INFOPLIST_FILE = MDBSocialsUITests/Info.plist;
				LD_RUNPATH_SEARCH_PATHS = "$(inherited) @executable_path/Frameworks @loader_path/Frameworks";
				PRODUCT_BUNDLE_IDENTIFIER = com.example.MDBSocialsUITests;
				PRODUCT_NAME = "$(TARGET_NAME)";
				SWIFT_VERSION = 4.0;
				TARGETED_DEVICE_FAMILY = "1,2";
				TEST_TARGET_NAME = MDBSocials;
			};
			name = Debug;
		};
		6B99044D203BFC2000EB5C4A /* Release */ = {
			isa = XCBuildConfiguration;
			buildSettings = {
				ALWAYS_EMBED_SWIFT_STANDARD_LIBRARIES = YES;
				CODE_SIGN_STYLE = Automatic;
				DEVELOPMENT_TEAM = 57X26AKKKU;
				INFOPLIST_FILE = MDBSocialsUITests/Info.plist;
				LD_RUNPATH_SEARCH_PATHS = "$(inherited) @executable_path/Frameworks @loader_path/Frameworks";
				PRODUCT_BUNDLE_IDENTIFIER = com.example.MDBSocialsUITests;
				PRODUCT_NAME = "$(TARGET_NAME)";
				SWIFT_VERSION = 4.0;
				TARGETED_DEVICE_FAMILY = "1,2";
				TEST_TARGET_NAME = MDBSocials;
			};
			name = Release;
		};
/* End XCBuildConfiguration section */

/* Begin XCConfigurationList section */
		6B990418203BFC1F00EB5C4A /* Build configuration list for PBXProject "MDBSocials" */ = {
			isa = XCConfigurationList;
			buildConfigurations = (
				6B990443203BFC2000EB5C4A /* Debug */,
				6B990444203BFC2000EB5C4A /* Release */,
			);
			defaultConfigurationIsVisible = 0;
			defaultConfigurationName = Release;
		};
		6B990445203BFC2000EB5C4A /* Build configuration list for PBXNativeTarget "MDBSocials" */ = {
			isa = XCConfigurationList;
			buildConfigurations = (
				6B990446203BFC2000EB5C4A /* Debug */,
				6B990447203BFC2000EB5C4A /* Release */,
			);
			defaultConfigurationIsVisible = 0;
			defaultConfigurationName = Release;
		};
		6B990448203BFC2000EB5C4A /* Build configuration list for PBXNativeTarget "MDBSocialsTests" */ = {
			isa = XCConfigurationList;
			buildConfigurations = (
				6B990449203BFC2000EB5C4A /* Debug */,
				6B99044A203BFC2000EB5C4A /* Release */,
			);
			defaultConfigurationIsVisible = 0;
			defaultConfigurationName = Release;
		};
		6B99044B203BFC2000EB5C4A /* Build configuration list for PBXNativeTarget "MDBSocialsUITests" */ = {
			isa = XCConfigurationList;
			buildConfigurations = (
				6B99044C203BFC2000EB5C4A /* Debug */,
				6B99044D203BFC2000EB5C4A /* Release */,
			);
			defaultConfigurationIsVisible = 0;
			defaultConfigurationName = Release;
		};
/* End XCConfigurationList section */
	};
	rootObject = 6B990415203BFC1F00EB5C4A /* Project object */;
}
